{
  "requires": true,
  "lockfileVersion": 1,
  "dependencies": {
    "mpvue-picker": {
      "version": "2.1.5",
      "resolved": "https://registry.npmjs.org/mpvue-picker/-/mpvue-picker-2.1.5.tgz",
      "integrity": "sha512-vGuzCfa1oRpWy6Dgoyv88FnPAYwRcvXYryPviI1vKD6GXTGiQyRtEzzMH9XFOPu81JNxUFwLCvrvRoAZzvj/Rg=="
    }
  }
}
